
Microsoft Visual Studio Solution File, Format Version 12.00
# Visual Studio Version 17
VisualStudioVersion = 17.4.33122.133
MinimumVisualStudioVersion = 10.0.40219.1
Project("{FAE04EC0-301F-11D3-BF4B-00C04F79EFBC}") = "OOPAdventure", "OOPAdventure\OOPAdventure.csproj", "{6E6A1B9C-CBC7-44C6-9CC2-BCFE604285D5}"
EndProject
Global
	GlobalSection(SolutionConfigurationPlatforms) = preSolution
		Debug|Any CPU = Debug|Any CPU
		Release|Any CPU = Release|Any CPU
	EndGlobalSection
	GlobalSection(ProjectConfigurationPlatforms) = postSolution
		{6E6A1B9C-CBC7-44C6-9CC2-BCFE604285D5}.Debug|Any CPU.ActiveCfg = Debug|Any CPU
		{6E6A1B9C-CBC7-44C6-9CC2-BCFE604285D5}.Debug|Any CPU.Build.0 = Debug|Any CPU
		{6E6A1B9C-CBC7-44C6-9CC2-BCFE604285D5}.Release|Any CPU.ActiveCfg = Release|Any CPU
		{6E6A1B9C-CBC7-44C6-9CC2-BCFE604285D5}.Release|Any CPU.Build.0 = Release|Any CPU
	EndGlobalSection
	GlobalSection(SolutionProperties) = preSolution
		HideSolutionNode = FALSE
	EndGlobalSection
	GlobalSection(ExtensibilityGlobals) = postSolution
		SolutionGuid = {231E2FFE-B250-4010-84C0-457CBA395A21}
	EndGlobalSection
EndGlobal
